
Microsoft Visual Studio Solution File, Format Version 12.00
# Visual Studio Version 17
VisualStudioVersion = 17.0.31903.59
MinimumVisualStudioVersion = 10.0.40219.1
Project("{FAE04EC0-301F-11D3-BF4B-00C04F79EFBC}") = "Server", "Server.Api\Server.csproj", "{07FDA70A-890C-474B-9A3A-1A8120380DEB}"
EndProject
Project("{FAE04EC0-301F-11D3-BF4B-00C04F79EFBC}") = "Server.Tests", "Server.Tests\Server.Tests.csproj", "{43AD72B5-FB27-4F38-BF6C-C0C544F0DD4C}"
EndProject
Global
	GlobalSection(SolutionConfigurationPlatforms) = preSolution
		Debug|Any CPU = Debug|Any CPU
		Debug|x64 = Debug|x64
		Debug|x86 = Debug|x86
		Release|Any CPU = Release|Any CPU
		Release|x64 = Release|x64
		Release|x86 = Release|x86
	EndGlobalSection
	GlobalSection(ProjectConfigurationPlatforms) = postSolution
		{07FDA70A-890C-474B-9A3A-1A8120380DEB}.Debug|Any CPU.ActiveCfg = Debug|Any CPU
		{07FDA70A-890C-474B-9A3A-1A8120380DEB}.Debug|Any CPU.Build.0 = Debug|Any CPU
		{07FDA70A-890C-474B-9A3A-1A8120380DEB}.Debug|x64.ActiveCfg = Debug|Any CPU
		{07FDA70A-890C-474B-9A3A-1A8120380DEB}.Debug|x64.Build.0 = Debug|Any CPU
		{07FDA70A-890C-474B-9A3A-1A8120380DEB}.Debug|x86.ActiveCfg = Debug|Any CPU
		{07FDA70A-890C-474B-9A3A-1A8120380DEB}.Debug|x86.Build.0 = Debug|Any CPU
		{07FDA70A-890C-474B-9A3A-1A8120380DEB}.Release|Any CPU.ActiveCfg = Release|Any CPU
		{07FDA70A-890C-474B-9A3A-1A8120380DEB}.Release|Any CPU.Build.0 = Release|Any CPU
		{07FDA70A-890C-474B-9A3A-1A8120380DEB}.Release|x64.ActiveCfg = Release|Any CPU
		{07FDA70A-890C-474B-9A3A-1A8120380DEB}.Release|x64.Build.0 = Release|Any CPU
		{07FDA70A-890C-474B-9A3A-1A8120380DEB}.Release|x86.ActiveCfg = Release|Any CPU
		{07FDA70A-890C-474B-9A3A-1A8120380DEB}.Release|x86.Build.0 = Release|Any CPU
		{43AD72B5-FB27-4F38-BF6C-C0C544F0DD4C}.Debug|Any CPU.ActiveCfg = Debug|Any CPU
		{43AD72B5-FB27-4F38-BF6C-C0C544F0DD4C}.Debug|Any CPU.Build.0 = Debug|Any CPU
		{43AD72B5-FB27-4F38-BF6C-C0C544F0DD4C}.Debug|x64.ActiveCfg = Debug|Any CPU
		{43AD72B5-FB27-4F38-BF6C-C0C544F0DD4C}.Debug|x64.Build.0 = Debug|Any CPU
		{43AD72B5-FB27-4F38-BF6C-C0C544F0DD4C}.Debug|x86.ActiveCfg = Debug|Any CPU
		{43AD72B5-FB27-4F38-BF6C-C0C544F0DD4C}.Debug|x86.Build.0 = Debug|Any CPU
		{43AD72B5-FB27-4F38-BF6C-C0C544F0DD4C}.Release|Any CPU.ActiveCfg = Release|Any CPU
		{43AD72B5-FB27-4F38-BF6C-C0C544F0DD4C}.Release|Any CPU.Build.0 = Release|Any CPU
		{43AD72B5-FB27-4F38-BF6C-C0C544F0DD4C}.Release|x64.ActiveCfg = Release|Any CPU
		{43AD72B5-FB27-4F38-BF6C-C0C544F0DD4C}.Release|x64.Build.0 = Release|Any CPU
		{43AD72B5-FB27-4F38-BF6C-C0C544F0DD4C}.Release|x86.ActiveCfg = Release|Any CPU
		{43AD72B5-FB27-4F38-BF6C-C0C544F0DD4C}.Release|x86.Build.0 = Release|Any CPU
	EndGlobalSection
	GlobalSection(SolutionProperties) = preSolution
		HideSolutionNode = FALSE
	EndGlobalSection
EndGlobal
